# THIS IS AN AUTOGENERATED FILE. DO NOT EDIT THIS FILE DIRECTLY.
# yarn lockfile v1


"@types/antlr4@^4.7.2":
  version "4.7.2"
  resolved "https://registry.nlark.com/@types/antlr4/download/@types/antlr4-4.7.2.tgz#8cfbbcea13d45c42e9a326aa0e55df816cdd07f5"
  integrity sha1-jPu86hPUXELpoyaqDlXfgWzdB/U=

"@types/prettier@^2.3.2":
  version "2.3.2"
  resolved "https://registry.nlark.com/@types/prettier/download/@types/prettier-2.3.2.tgz#fc8c2825e4ed2142473b4a81064e6e081463d1b3"
  integrity sha1-/IwoJeTtIUJHO0qBBk5uCBRj0bM=

antlr4@^4.9.2:
  version "4.9.2"
  resolved "https://registry.npm.taobao.org/antlr4/download/antlr4-4.9.2.tgz#abbc53d275954b1b6f4d8b3468b4a2cb258121fc"
  integrity sha1-q7xT0nWVSxtvTYs0aLSiyyWBIfw=

antlr4ts-cli@^0.5.0-alpha.4:
  version "0.5.0-alpha.4"
  resolved "https://registry.nlark.com/antlr4ts-cli/download/antlr4ts-cli-0.5.0-alpha.4.tgz#f3bfc37f10131e78d7b981c397a2aaa0450b67f6"
  integrity sha1-87/DfxATHnjXuYHDl6KqoEULZ/Y=

antlr4ts@^0.5.0-alpha.4:
  version "0.5.0-alpha.4"
  resolved "https://registry.npm.taobao.org/antlr4ts/download/antlr4ts-0.5.0-alpha.4.tgz#71702865a87478ed0b40c0709f422cf14d51652a"
  integrity sha1-cXAoZah0eO0LQMBwn0Is8U1RZSo=

prettier@^2.4.1:
  version "2.4.1"
  resolved "https://registry.nlark.com/prettier/download/prettier-2.4.1.tgz?cache=0&sync_timestamp=1631777167012&other_urls=https%3A%2F%2Fregistry.nlark.com%2Fprettier%2Fdownload%2Fprettier-2.4.1.tgz#671e11c89c14a4cfc876ce564106c4a6726c9f5c"
  integrity sha1-Zx4RyJwUpM/Ids5WQQbEpnJsn1w=

typescript@^4.4.3:
  version "4.4.3"
  resolved "https://registry.nlark.com/typescript/download/typescript-4.4.3.tgz?cache=0&other_urls=https%3A%2F%2Fregistry.nlark.com%2Ftypescript%2Fdownload%2Ftypescript-4.4.3.tgz#bdc5407caa2b109efd4f82fe130656f977a29324"
  integrity sha1-vcVAfKorEJ79T4L+EwZW+XeikyQ=
